{
  "name": "ftp-srv",
  "version": "0.0.0",
  "lockfileVersion": 1,
  "requires": true,
  "dependencies": {
    "@types/node": {
      "version": "13.13.2",
      "resolved": "https://registry.npmjs.org/@types/node/-/node-13.13.2.tgz",
      "integrity": "sha512-LB2R1Oyhpg8gu4SON/mfforE525+Hi/M1ineICEDftqNVTyFg1aRIeGuTvXAoWHc4nbrFncWtJgMmoyRvuGh7A=="
    },
    "@zeit/ncc": {
      "version": "0.22.2",
      "resolved": "https://registry.npmjs.org/@zeit/ncc/-/ncc-0.22.2.tgz",
      "integrity": "sha512-LGW5RPIwulh+fyKiMTgbIEbdc/hdf/4+U5B1WbT/We0jweHoywDbk9hi+3hNjSzQNShGumP72zgc6PHEUG5syg==",
      "dev": true
    },
    "ix": {
      "version": "3.0.2",
      "resolved": "https://registry.npmjs.org/ix/-/ix-3.0.2.tgz",
      "integrity": "sha512-Vt2zmkRcxo5Rddpqz8IvhRUqojEzmCayHYLIBve5Ddkw7+FqHfWf6zjnE2CEOVb19gGx2hG8R76uVgJhqGdYUw==",
      "requires": {
        "@types/node": "^13.7.4",
        "tslib": "^1.9.3"
      }
    },
    "rxjs": {
      "version": "6.5.5",
      "resolved": "https://registry.npmjs.org/rxjs/-/rxjs-6.5.5.tgz",
      "integrity": "sha512-WfQI+1gohdf0Dai/Bbmk5L5ItH5tYqm3ki2c5GdWhKjalzjg93N3avFjVStyZZz+A2Em+ZxKH5bNghw9UeylGQ==",
      "requires": {
        "tslib": "^1.9.0"
      }
    },
    "tslib": {
      "version": "1.13.0",
      "resolved": "https://registry.npmjs.org/tslib/-/tslib-1.13.0.tgz",
      "integrity": "sha512-i/6DQjL8Xf3be4K/E6Wgpekn5Qasl1usyw++dAA35Ue5orEn65VIxOA+YvNNl9HV3qv70T7CNwjODHZrLwvd1Q=="
    },
    "typescript": {
      "version": "3.9.3",
      "resolved": "https://registry.npmjs.org/typescript/-/typescript-3.9.3.tgz",
      "integrity": "sha512-D/wqnB2xzNFIcoBG9FG8cXRDjiqSTbG2wd8DMZeQyJlP1vfTkIxH4GKveWaEBYySKIg+USu+E+EDIR47SqnaMQ==",
      "dev": true
    }
  }
}
